// !$*UTF8*$!
{
	archiveVersion = 1;
	classes = {
	};
	objectVersion = 46;
	objects = {

/* Begin PBXBuildFile section */
		DEA8A2621EB2567C00BC6F2D /* SignUpViewController.swift in Sources */ = {isa = PBXBuildFile; fileRef = DEA8A2611EB2567C00BC6F2D /* SignUpViewController.swift */; };
		DEA8A2641EB2C7E200BC6F2D /* ForgotPasswordViewController.swift in Sources */ = {isa = PBXBuildFile; fileRef = DEA8A2631EB2C7E200BC6F2D /* ForgotPasswordViewController.swift */; };
		DECCD68E1EAF01C4001BD794 /* AppDelegate.swift in Sources */ = {isa = PBXBuildFile; fileRef = DECCD68D1EAF01C4001BD794 /* AppDelegate.swift */; };
		DECCD6901EAF01C4001BD794 /* LoginViewController.swift in Sources */ = {isa = PBXBuildFile; fileRef = DECCD68F1EAF01C4001BD794 /* LoginViewController.swift */; };
		DECCD6931EAF01C4001BD794 /* Main.storyboard in Resources */ = {isa = PBXBuildFile; fileRef = DECCD6911EAF01C4001BD794 /* Main.storyboard */; };
		DECCD6951EAF01C4001BD794 /* Assets.xcassets in Resources */ = {isa = PBXBuildFile; fileRef = DECCD6941EAF01C4001BD794 /* Assets.xcassets */; };
		DECCD6981EAF01C4001BD794 /* LaunchScreen.storyboard in Resources */ = {isa = PBXBuildFile; fileRef = DECCD6961EAF01C4001BD794 /* LaunchScreen.storyboard */; };
/* End PBXBuildFile section */

/* Begin PBXFileReference section */
		DEA8A2611EB2567C00BC6F2D /* SignUpViewController.swift */ = {isa = PBXFileReference; fileEncoding = 4; lastKnownFileType = sourcecode.swift; path = SignUpViewController.swift; sourceTree = "<group>"; };
		DEA8A2631EB2C7E200BC6F2D /* ForgotPasswordViewController.swift */ = {isa = PBXFileReference; fileEncoding = 4; lastKnownFileType = sourcecode.swift; path = ForgotPasswordViewController.swift; sourceTree = "<group>"; };
		DECCD68A1EAF01C4001BD794 /* Login.app */ = {isa = PBXFileReference; explicitFileType = wrapper.application; includeInIndex = 0; path = Login.app; sourceTree = BUILT_PRODUCTS_DIR; };
		DECCD68D1EAF01C4001BD794 /* AppDelegate.swift */ = {isa = PBXFileReference; lastKnownFileType = sourcecode.swift; path = AppDelegate.swift; sourceTree = "<group>"; };
		DECCD68F1EAF01C4001BD794 /* LoginViewController.swift */ = {isa = PBXFileReference; lastKnownFileType = sourcecode.swift; path = LoginViewController.swift; sourceTree = "<group>"; };
		DECCD6921EAF01C4001BD794 /* Base */ = {isa = PBXFileReference; lastKnownFileType = file.storyboard; name = Base; path = Base.lproj/Main.storyboard; sourceTree = "<group>"; };
		DECCD6941EAF01C4001BD794 /* Assets.xcassets */ = {isa = PBXFileReference; lastKnownFileType = folder.assetcatalog; path = Assets.xcassets; sourceTree = "<group>"; };
		DECCD6971EAF01C4001BD794 /* Base */ = {isa = PBXFileReference; lastKnownFileType = file.storyboard; name = Base; path = Base.lproj/LaunchScreen.storyboard; sourceTree = "<group>"; };
		DECCD6991EAF01C4001BD794 /* Info.plist */ = {isa = PBXFileReference; lastKnownFileType = text.plist.xml; path = Info.plist; sourceTree = "<group>"; };
/* End PBXFileReference section */

/* Begin PBXFrameworksBuildPhase section */
		DECCD6871EAF01C4001BD794 /* Frameworks */ = {
			isa = PBXFrameworksBuildPhase;
			buildActionMask = 2147483647;
			files = (
			);
			runOnlyForDeploymentPostprocessing = 0;
		};
/* End PBXFrameworksBuildPhase section */

/* Begin PBXGroup section */
		DECCD6811EAF01C4001BD794 = {
			isa = PBXGroup;
			children = (
				DECCD68C1EAF01C4001BD794 /* Login */,
				DECCD68B1EAF01C4001BD794 /* Products */,
			);
			sourceTree = "<group>";
		};
		DECCD68B1EAF01C4001BD794 /* Products */ = {
			isa = PBXGroup;
			children = (
				DECCD68A1EAF01C4001BD794 /* Login.app */,
			);
			name = Products;
			sourceTree = "<group>";
		};
		DECCD68C1EAF01C4001BD794 /* Login */ = {
			isa = PBXGroup;
			children = (
				DECCD68F1EAF01C4001BD794 /* LoginViewController.swift */,
				DECCD68D1EAF01C4001BD794 /* AppDelegate.swift */,
				DECCD6911EAF01C4001BD794 /* Main.storyboard */,
				DECCD6941EAF01C4001BD794 /* Assets.xcassets */,
				DECCD6961EAF01C4001BD794 /* LaunchScreen.storyboard */,
				DECCD6991EAF01C4001BD794 /* Info.plist */,
				DEA8A2611EB2567C00BC6F2D /* SignUpViewController.swift */,
				DEA8A2631EB2C7E200BC6F2D /* ForgotPasswordViewController.swift */,
			);
			path = Login;
			sourceTree = "<group>";
		};
/* End PBXGroup section */

/* Begin PBXNativeTarget section */
		DECCD6891EAF01C4001BD794 /* Login */ = {
			isa = PBXNativeTarget;
			buildConfigurationList = DECCD69C1EAF01C4001BD794 /* Build configuration list for PBXNativeTarget "Login" */;
			buildPhases = (
				DECCD6861EAF01C4001BD794 /* Sources */,
				DECCD6871EAF01C4001BD794 /* Frameworks */,
				DECCD6881EAF01C4001BD794 /* Resources */,
			);
			buildRules = (
			);
			dependencies = (
			);
			name = Login;
			productName = SundaySchool;
			productReference = DECCD68A1EAF01C4001BD794 /* Login.app */;
			productType = "com.apple.product-type.application";
		};
/* End PBXNativeTarget section */

/* Begin PBXProject section */
		DECCD6821EAF01C4001BD794 /* Project object */ = {
			isa = PBXProject;
			attributes = {
				LastSwiftUpdateCheck = 0830;
				LastUpgradeCheck = 0830;
				TargetAttributes = {
					DECCD6891EAF01C4001BD794 = {
						CreatedOnToolsVersion = 8.3.2;
						DevelopmentTeam = VXP79U8X8B;
						ProvisioningStyle = Automatic;
					};
				};
			};
			buildConfigurationList = DECCD6851EAF01C4001BD794 /* Build configuration list for PBXProject "Login" */;
			compatibilityVersion = "Xcode 3.2";
			developmentRegion = English;
			hasScannedForEncodings = 0;
			knownRegions = (
				en,
				Base,
			);
			mainGroup = DECCD6811EAF01C4001BD794;
			productRefGroup = DECCD68B1EAF01C4001BD794 /* Products */;
			projectDirPath = "";
			projectRoot = "";
			targets = (
				DECCD6891EAF01C4001BD794 /* Login */,
			);
		};
/* End PBXProject section */

/* Begin PBXResourcesBuildPhase section */
		DECCD6881EAF01C4001BD794 /* Resources */ = {
			isa = PBXResourcesBuildPhase;
			buildActionMask = 2147483647;
			files = (
				DECCD6981EAF01C4001BD794 /* LaunchScreen.storyboard in Resources */,
				DECCD6951EAF01C4001BD794 /* Assets.xcassets in Resources */,
				DECCD6931EAF01C4001BD794 /* Main.storyboard in Resources */,
			);
			runOnlyForDeploymentPostprocessing = 0;
		};
/* End PBXResourcesBuildPhase section */

/* Begin PBXSourcesBuildPhase section */
		DECCD6861EAF01C4001BD794 /* Sources */ = {
			isa = PBXSourcesBuildPhase;
			buildActionMask = 2147483647;
			files = (
				DEA8A2641EB2C7E200BC6F2D /* ForgotPasswordViewController.swift in Sources */,
				DEA8A2621EB2567C00BC6F2D /* SignUpViewController.swift in Sources */,
				DECCD6901EAF01C4001BD794 /* LoginViewController.swift in Sources */,
				DECCD68E1EAF01C4001BD794 /* AppDelegate.swift in Sources */,
			);
			runOnlyForDeploymentPostprocessing = 0;
		};
/* End PBXSourcesBuildPhase section */

/* Begin PBXVariantGroup section */
		DECCD6911EAF01C4001BD794 /* Main.storyboard */ = {
			isa = PBXVariantGroup;
			children = (
				DECCD6921EAF01C4001BD794 /* Base */,
			);
			name = Main.storyboard;
			sourceTree = "<group>";
		};
		DECCD6961EAF01C4001BD794 /* LaunchScreen.storyboard */ = {
			isa = PBXVariantGroup;
			children = (
				DECCD6971EAF01C4001BD794 /* Base */,
			);
			name = LaunchScreen.storyboard;
			sourceTree = "<group>";
		};
/* End PBXVariantGroup section */

/* Begin XCBuildConfiguration section */
		DECCD69A1EAF01C4001BD794 /* Debug */ = {
			isa = XCBuildConfiguration;
			buildSettings = {
				ALWAYS_SEARCH_USER_PATHS = NO;
				CLANG_ANALYZER_NONNULL = YES;
				CLANG_ANALYZER_NUMBER_OBJECT_CONVERSION = YES_AGGRESSIVE;
				CLANG_CXX_LANGUAGE_STANDARD = "gnu++0x";
				CLANG_CXX_LIBRARY = "libc++";
				CLANG_ENABLE_MODULES = YES;
				CLANG_ENABLE_OBJC_ARC = YES;
				CLANG_WARN_BOOL_CONVERSION = YES;
				CLANG_WARN_CONSTANT_CONVERSION = YES;
				CLANG_WARN_DIRECT_OBJC_ISA_USAGE = YES_ERROR;
				CLANG_WARN_DOCUMENTATION_COMMENTS = YES;
				CLANG_WARN_EMPTY_BODY = YES;
				CLANG_WARN_ENUM_CONVERSION = YES;
				CLANG_WARN_INFINITE_RECURSION = YES;
				CLANG_WARN_INT_CONVERSION = YES;
				CLANG_WARN_OBJC_ROOT_CLASS = YES_ERROR;
				CLANG_WARN_SUSPICIOUS_MOVE = YES;
				CLANG_WARN_UNREACHABLE_CODE = YES;
				CLANG_WARN__DUPLICATE_METHOD_MATCH = YES;
				"CODE_SIGN_IDENTITY[sdk=iphoneos*]" = "iPhone Developer";
				COPY_PHASE_STRIP = NO;
				DEBUG_INFORMATION_FORMAT = dwarf;
				ENABLE_STRICT_OBJC_MSGSEND = YES;
				ENABLE_TESTABILITY = YES;
				GCC_C_LANGUAGE_STANDARD = gnu99;
				GCC_DYNAMIC_NO_PIC = NO;
				GCC_NO_COMMON_BLOCKS = YES;
				GCC_OPTIMIZATION_LEVEL = 0;
				GCC_PREPROCESSOR_DEFINITIONS = (
					"DEBUG=1",
					"$(inherited)",
				);
				GCC_WARN_64_TO_32_BIT_CONVERSION = YES;
				GCC_WARN_ABOUT_RETURN_TYPE = YES_ERROR;
				GCC_WARN_UNDECLARED_SELECTOR = YES;
				GCC_WARN_UNINITIALIZED_AUTOS = YES_AGGRESSIVE;
				GCC_WARN_UNUSED_FUNCTION = YES;
				GCC_WARN_UNUSED_VARIABLE = YES;
				IPHONEOS_DEPLOYMENT_TARGET = 10.3;
				MTL_ENABLE_DEBUG_INFO = YES;
				ONLY_ACTIVE_ARCH = YES;
				SDKROOT = iphoneos;
				SWIFT_ACTIVE_COMPILATION_CONDITIONS = DEBUG;
				SWIFT_OPTIMIZATION_LEVEL = "-Onone";
				TARGETED_DEVICE_FAMILY = "1,2";
			};
			name = Debug;
		};
		DECCD69B1EAF01C4001BD794 /* Release */ = {
			isa = XCBuildConfiguration;
			buildSettings = {
				ALWAYS_SEARCH_USER_PATHS = NO;
				CLANG_ANALYZER_NONNULL = YES;
				CLANG_ANALYZER_NUMBER_OBJECT_CONVERSION = YES_AGGRESSIVE;
				CLANG_CXX_LANGUAGE_STANDARD = "gnu++0x";
				CLANG_CXX_LIBRARY = "libc++";
				CLANG_ENABLE_MODULES = YES;
				CLANG_ENABLE_OBJC_ARC = YES;
				CLANG_WARN_BOOL_CONVERSION = YES;
				CLANG_WARN_CONSTANT_CONVERSION = YES;
				CLANG_WARN_DIRECT_OBJC_ISA_USAGE = YES_ERROR;
				CLANG_WARN_DOCUMENTATION_COMMENTS = YES;
				CLANG_WARN_EMPTY_BODY = YES;
				CLANG_WARN_ENUM_CONVERSION = YES;
				CLANG_WARN_INFINITE_RECURSION = YES;
				CLANG_WARN_INT_CONVERSION = YES;
				CLANG_WARN_OBJC_ROOT_CLASS = YES_ERROR;
				CLANG_WARN_SUSPICIOUS_MOVE = YES;
				CLANG_WARN_UNREACHABLE_CODE = YES;
				CLANG_WARN__DUPLICATE_METHOD_MATCH = YES;
				"CODE_SIGN_IDENTITY[sdk=iphoneos*]" = "iPhone Developer";
				COPY_PHASE_STRIP = NO;
				DEBUG_INFORMATION_FORMAT = "dwarf-with-dsym";
				ENABLE_NS_ASSERTIONS = NO;
				ENABLE_STRICT_OBJC_MSGSEND = YES;
				GCC_C_LANGUAGE_STANDARD = gnu99;
				GCC_NO_COMMON_BLOCKS = YES;
				GCC_WARN_64_TO_32_BIT_CONVERSION = YES;
				GCC_WARN_ABOUT_RETURN_TYPE = YES_ERROR;
				GCC_WARN_UNDECLARED_SELECTOR = YES;
				GCC_WARN_UNINITIALIZED_AUTOS = YES_AGGRESSIVE;
				GCC_WARN_UNUSED_FUNCTION = YES;
				GCC_WARN_UNUSED_VARIABLE = YES;
				IPHONEOS_DEPLOYMENT_TARGET = 10.3;
				MTL_ENABLE_DEBUG_INFO = NO;
				SDKROOT = iphoneos;
				SWIFT_OPTIMIZATION_LEVEL = "-Owholemodule";
				TARGETED_DEVICE_FAMILY = "1,2";
				VALIDATE_PRODUCT = YES;
			};
			name = Release;
		};
		DECCD69D1EAF01C4001BD794 /* Debug */ = {
			isa = XCBuildConfiguration;
			buildSettings = {
				ASSETCATALOG_COMPILER_APPICON_NAME = AppIcon;
				DEVELOPMENT_TEAM = VXP79U8X8B;
				INFOPLIST_FILE = Login/Info.plist;
				LD_RUNPATH_SEARCH_PATHS = "$(inherited) @executable_path/Frameworks";
				PRODUCT_BUNDLE_IDENTIFIER = waterloo.m2azer.Login;
				PRODUCT_NAME = "$(TARGET_NAME)";
				SWIFT_VERSION = 3.0;
			};
			name = Debug;
		};
		DECCD69E1EAF01C4001BD794 /* Release */ = {
			isa = XCBuildConfiguration;
			buildSettings = {
				ASSETCATALOG_COMPILER_APPICON_NAME = AppIcon;
				DEVELOPMENT_TEAM = VXP79U8X8B;
				INFOPLIST_FILE = Login/Info.plist;
				LD_RUNPATH_SEARCH_PATHS = "$(inherited) @executable_path/Frameworks";
				PRODUCT_BUNDLE_IDENTIFIER = waterloo.m2azer.Login;
				PRODUCT_NAME = "$(TARGET_NAME)";
				SWIFT_VERSION = 3.0;
			};
			name = Release;
		};
/* End XCBuildConfiguration section */

/* Begin XCConfigurationList section */
		DECCD6851EAF01C4001BD794 /* Build configuration list for PBXProject "Login" */ = {
			isa = XCConfigurationList;
			buildConfigurations = (
				DECCD69A1EAF01C4001BD794 /* Debug */,
				DECCD69B1EAF01C4001BD794 /* Release */,
			);
			defaultConfigurationIsVisible = 0;
			defaultConfigurationName = Release;
		};
		DECCD69C1EAF01C4001BD794 /* Build configuration list for PBXNativeTarget "Login" */ = {
			isa = XCConfigurationList;
			buildConfigurations = (
				DECCD69D1EAF01C4001BD794 /* Debug */,
				DECCD69E1EAF01C4001BD794 /* Release */,
			);
			defaultConfigurationIsVisible = 0;
			defaultConfigurationName = Release;
		};
/* End XCConfigurationList section */
	};
	rootObject = DECCD6821EAF01C4001BD794 /* Project object */;
}
